{
  "requires": true,
  "lockfileVersion": 1,
  "dependencies": {
    "react-game-engine": {
      "version": "1.0.0",
      "resolved": "https://registry.npmjs.org/react-game-engine/-/react-game-engine-1.0.0.tgz",
      "integrity": "sha512-we1V6z3lsvcTD9n/4/livF+3r4fDAWvi0uiRCboA74welANxzhD6J/F1V2wGAqf/mCQTBgJR2c/clMBKVS4SVg=="
    }
  }
}
